
Microsoft Visual Studio Solution File, Format Version 12.00
# Visual Studio Version 16
VisualStudioVersion = 16.6.30114.105
MinimumVisualStudioVersion = 10.0.40219.1
Project("{FAE04EC0-301F-11D3-BF4B-00C04F79EFBC}") = "A9", "A9\A9.csproj", "{67438229-5294-47CF-B56E-25A3D6B4F120}"
EndProject
Project("{FAE04EC0-301F-11D3-BF4B-00C04F79EFBC}") = "A9.Tests", "A9.Tests\A9.Tests.csproj", "{DD91AFA1-1C3B-46CF-A375-EC3A69B9E55D}"
EndProject
Project("{FAE04EC0-301F-11D3-BF4B-00C04F79EFBC}") = "TestCommon", "..\TestCommon\TestCommon.csproj", "{3975E20E-D7D2-414E-BBF7-D8C999EB7BCF}"
EndProject
Global
	GlobalSection(SolutionConfigurationPlatforms) = preSolution
		Debug|Any CPU = Debug|Any CPU
		Debug|x64 = Debug|x64
		Debug|x86 = Debug|x86
		Release|Any CPU = Release|Any CPU
		Release|x64 = Release|x64
		Release|x86 = Release|x86
	EndGlobalSection
	GlobalSection(SolutionProperties) = preSolution
		HideSolutionNode = FALSE
	EndGlobalSection
	GlobalSection(ProjectConfigurationPlatforms) = postSolution
		{67438229-5294-47CF-B56E-25A3D6B4F120}.Debug|Any CPU.ActiveCfg = Debug|Any CPU
		{67438229-5294-47CF-B56E-25A3D6B4F120}.Debug|Any CPU.Build.0 = Debug|Any CPU
		{67438229-5294-47CF-B56E-25A3D6B4F120}.Debug|x64.ActiveCfg = Debug|Any CPU
		{67438229-5294-47CF-B56E-25A3D6B4F120}.Debug|x64.Build.0 = Debug|Any CPU
		{67438229-5294-47CF-B56E-25A3D6B4F120}.Debug|x86.ActiveCfg = Debug|Any CPU
		{67438229-5294-47CF-B56E-25A3D6B4F120}.Debug|x86.Build.0 = Debug|Any CPU
		{67438229-5294-47CF-B56E-25A3D6B4F120}.Release|Any CPU.ActiveCfg = Release|Any CPU
		{67438229-5294-47CF-B56E-25A3D6B4F120}.Release|Any CPU.Build.0 = Release|Any CPU
		{67438229-5294-47CF-B56E-25A3D6B4F120}.Release|x64.ActiveCfg = Release|Any CPU
		{67438229-5294-47CF-B56E-25A3D6B4F120}.Release|x64.Build.0 = Release|Any CPU
		{67438229-5294-47CF-B56E-25A3D6B4F120}.Release|x86.ActiveCfg = Release|Any CPU
		{67438229-5294-47CF-B56E-25A3D6B4F120}.Release|x86.Build.0 = Release|Any CPU
		{DD91AFA1-1C3B-46CF-A375-EC3A69B9E55D}.Debug|Any CPU.ActiveCfg = Debug|Any CPU
		{DD91AFA1-1C3B-46CF-A375-EC3A69B9E55D}.Debug|Any CPU.Build.0 = Debug|Any CPU
		{DD91AFA1-1C3B-46CF-A375-EC3A69B9E55D}.Debug|x64.ActiveCfg = Debug|Any CPU
		{DD91AFA1-1C3B-46CF-A375-EC3A69B9E55D}.Debug|x64.Build.0 = Debug|Any CPU
		{DD91AFA1-1C3B-46CF-A375-EC3A69B9E55D}.Debug|x86.ActiveCfg = Debug|Any CPU
		{DD91AFA1-1C3B-46CF-A375-EC3A69B9E55D}.Debug|x86.Build.0 = Debug|Any CPU
		{DD91AFA1-1C3B-46CF-A375-EC3A69B9E55D}.Release|Any CPU.ActiveCfg = Release|Any CPU
		{DD91AFA1-1C3B-46CF-A375-EC3A69B9E55D}.Release|Any CPU.Build.0 = Release|Any CPU
		{DD91AFA1-1C3B-46CF-A375-EC3A69B9E55D}.Release|x64.ActiveCfg = Release|Any CPU
		{DD91AFA1-1C3B-46CF-A375-EC3A69B9E55D}.Release|x64.Build.0 = Release|Any CPU
		{DD91AFA1-1C3B-46CF-A375-EC3A69B9E55D}.Release|x86.ActiveCfg = Release|Any CPU
		{DD91AFA1-1C3B-46CF-A375-EC3A69B9E55D}.Release|x86.Build.0 = Release|Any CPU
		{3975E20E-D7D2-414E-BBF7-D8C999EB7BCF}.Debug|Any CPU.ActiveCfg = Debug|Any CPU
		{3975E20E-D7D2-414E-BBF7-D8C999EB7BCF}.Debug|Any CPU.Build.0 = Debug|Any CPU
		{3975E20E-D7D2-414E-BBF7-D8C999EB7BCF}.Debug|x64.ActiveCfg = Debug|Any CPU
		{3975E20E-D7D2-414E-BBF7-D8C999EB7BCF}.Debug|x64.Build.0 = Debug|Any CPU
		{3975E20E-D7D2-414E-BBF7-D8C999EB7BCF}.Debug|x86.ActiveCfg = Debug|Any CPU
		{3975E20E-D7D2-414E-BBF7-D8C999EB7BCF}.Debug|x86.Build.0 = Debug|Any CPU
		{3975E20E-D7D2-414E-BBF7-D8C999EB7BCF}.Release|Any CPU.ActiveCfg = Release|Any CPU
		{3975E20E-D7D2-414E-BBF7-D8C999EB7BCF}.Release|Any CPU.Build.0 = Release|Any CPU
		{3975E20E-D7D2-414E-BBF7-D8C999EB7BCF}.Release|x64.ActiveCfg = Release|Any CPU
		{3975E20E-D7D2-414E-BBF7-D8C999EB7BCF}.Release|x64.Build.0 = Release|Any CPU
		{3975E20E-D7D2-414E-BBF7-D8C999EB7BCF}.Release|x86.ActiveCfg = Release|Any CPU
		{3975E20E-D7D2-414E-BBF7-D8C999EB7BCF}.Release|x86.Build.0 = Release|Any CPU
	EndGlobalSection
EndGlobal
